#
# This file is autogenerated by pip-compile with Python 3.14
# by the following command:
#
#    pip-compile --output-file=requirements.lock pyproject.toml
#
aiohappyeyeballs==2.6.1
    # via aiohttp
aiohttp==3.13.3
    # via agent-base-os (pyproject.toml)
aiosignal==1.4.0
    # via aiohttp
anyio==4.12.1
    # via httpx
attrs==25.4.0
    # via aiohttp
certifi==2026.2.25
    # via
    #   httpcore
    #   httpx
frozenlist==1.8.0
    # via
    #   aiohttp
    #   aiosignal
h11==0.16.0
    # via httpcore
httpcore==1.0.9
    # via
    #   httpx
    #   python-telegram-bot
httpx==0.28.1
    # via
    #   agent-base-os (pyproject.toml)
    #   python-telegram-bot
idna==3.11
    # via
    #   anyio
    #   httpx
    #   yarl
multidict==6.7.1
    # via
    #   aiohttp
    #   yarl
propcache==0.4.1
    # via
    #   aiohttp
    #   yarl
python-telegram-bot==22.6
    # via agent-base-os (pyproject.toml)
pyyaml==6.0.3
    # via agent-base-os (pyproject.toml)
yarl==1.23.0
    # via aiohttp
